
Microsoft Visual Studio Solution File, Format Version 12.00
# Visual Studio Version 17
VisualStudioVersion = 17.5.002.0
MinimumVisualStudioVersion = 10.0.40219.1
Project("{9A19103F-16F7-4668-BE54-9A1E7A4F7556}") = "RealTimeApp", "RealTimeApp\RealTimeApp.csproj", "{32D7C28C-442D-433A-BD44-AB5B5D010C36}"
EndProject
Project("{9A19103F-16F7-4668-BE54-9A1E7A4F7556}") = "RealTimeApp.Client", "RealTimeApp.Client\RealTimeApp.Client.csproj", "{51BEBEDB-69E1-4D0B-A7B7-DE4EA2E785A0}"
EndProject
Global
	GlobalSection(SolutionConfigurationPlatforms) = preSolution
		Debug|Any CPU = Debug|Any CPU
		Release|Any CPU = Release|Any CPU
	EndGlobalSection
	GlobalSection(ProjectConfigurationPlatforms) = postSolution
		{32D7C28C-442D-433A-BD44-AB5B5D010C36}.Debug|Any CPU.ActiveCfg = Debug|Any CPU
		{32D7C28C-442D-433A-BD44-AB5B5D010C36}.Debug|Any CPU.Build.0 = Debug|Any CPU
		{32D7C28C-442D-433A-BD44-AB5B5D010C36}.Release|Any CPU.ActiveCfg = Release|Any CPU
		{32D7C28C-442D-433A-BD44-AB5B5D010C36}.Release|Any CPU.Build.0 = Release|Any CPU
		{51BEBEDB-69E1-4D0B-A7B7-DE4EA2E785A0}.Debug|Any CPU.ActiveCfg = Debug|Any CPU
		{51BEBEDB-69E1-4D0B-A7B7-DE4EA2E785A0}.Debug|Any CPU.Build.0 = Debug|Any CPU
		{51BEBEDB-69E1-4D0B-A7B7-DE4EA2E785A0}.Release|Any CPU.ActiveCfg = Release|Any CPU
		{51BEBEDB-69E1-4D0B-A7B7-DE4EA2E785A0}.Release|Any CPU.Build.0 = Release|Any CPU
	EndGlobalSection
	GlobalSection(SolutionProperties) = preSolution
		HideSolutionNode = FALSE
	EndGlobalSection
	GlobalSection(ExtensibilityGlobals) = postSolution
		SolutionGuid = {EE48CF83-9754-4B8F-BDD2-F224A6A061F2}
	EndGlobalSection
EndGlobal
